
Microsoft Visual Studio Solution File, Format Version 12.00
# Visual Studio Version 17
VisualStudioVersion = 17.10.34916.146
MinimumVisualStudioVersion = 10.0.40219.1
Project("{FAE04EC0-301F-11D3-BF4B-00C04F79EFBC}") = "TodoList.Basic", "TodoList.Basic.csproj", "{6EB09131-62F1-4B73-99A2-985345DF15AD}"
EndProject
Global
	GlobalSection(SolutionConfigurationPlatforms) = preSolution
		Debug|Any CPU = Debug|Any CPU
		Release|Any CPU = Release|Any CPU
	EndGlobalSection
	GlobalSection(ProjectConfigurationPlatforms) = postSolution
		{6EB09131-62F1-4B73-99A2-985345DF15AD}.Debug|Any CPU.ActiveCfg = Debug|Any CPU
		{6EB09131-62F1-4B73-99A2-985345DF15AD}.Debug|Any CPU.Build.0 = Debug|Any CPU
		{6EB09131-62F1-4B73-99A2-985345DF15AD}.Release|Any CPU.ActiveCfg = Release|Any CPU
		{6EB09131-62F1-4B73-99A2-985345DF15AD}.Release|Any CPU.Build.0 = Release|Any CPU
	EndGlobalSection
	GlobalSection(SolutionProperties) = preSolution
		HideSolutionNode = FALSE
	EndGlobalSection
	GlobalSection(ExtensibilityGlobals) = postSolution
		SolutionGuid = {D4558C0E-9993-45DB-AD3F-F1079B8F233D}
	EndGlobalSection
EndGlobal
